{
  "nodes": {
    "ags": {
      "inputs": {
        "nixpkgs": [
          "nixpkgs"
        ],
        "systems": [
          "systems"
        ]
      },
      "locked": {
        "lastModified": 1721306136,
        "narHash": "sha256-VKPsIGf3/a+RONBipx4lEE4LXG2sdMNkWQu22LNQItg=",
        "owner": "Aylur",
        "repo": "ags",
        "rev": "344ea72cd3b8d4911f362fec34bce7d8fb37028c",
        "type": "github"
      },
      "original": {
        "owner": "Aylur",
        "repo": "ags",
        "type": "github"
      }
    },
    "etc-passwd": {
      "flake": false,
      "locked": {
        "narHash": "sha256-Dcc3r1WZ61/+g5WpC9bZLxyJelhMAjrJFrcjnoe5V9g=",
        "type": "file",
        "url": "file:///etc/passwd"
      },
      "original": {
        "type": "file",
        "url": "file:///etc/passwd"
      }
    },
    "fenix": {
      "inputs": {
        "nixpkgs": [
          "nixpkgs"
        ],
        "rust-analyzer-src": "rust-analyzer-src"
      },
      "locked": {
        "lastModified": 1725345102,
        "narHash": "sha256-VO8GFsFlvV9OJKxXM86Y141fAIoDlbqgbZ4EqqZ5vb8=",
        "owner": "nix-community",
        "repo": "fenix",
        "rev": "a13cbbf5407a16a60fcf82cdceb301cf87a65b41",
        "type": "github"
      },
      "original": {
        "id": "fenix",
        "type": "indirect"
      }
    },
    "firefox-addons": {
      "inputs": {
        "flake-utils": [
          "flake-utils"
        ],
        "nixpkgs": [
          "nixpkgs"
        ]
      },
      "locked": {
        "dir": "pkgs/firefox-addons",
        "lastModified": 1725380904,
        "narHash": "sha256-RUPYxOT8SNquLj8HA61tTdzeNI7vVO0unnTt9fYy33g=",
        "owner": "rycee",
        "repo": "nur-expressions",
        "rev": "46ad3e1484c65bd37b5e2ca2fb7d5e6bd4075d59",
        "type": "gitlab"
      },
      "original": {
        "dir": "pkgs/firefox-addons",
        "owner": "rycee",
        "repo": "nur-expressions",
        "type": "gitlab"
      }
    },
    "flake-utils": {
      "inputs": {
        "systems": [
          "systems"
        ]
      },
      "locked": {
        "lastModified": 1710146030,
        "narHash": "sha256-SZ5L6eA7HJ/nmkzGG7/ISclqe6oZdOZTNoesiInkXPQ=",
        "owner": "numtide",
        "repo": "flake-utils",
        "rev": "b1d9ab70662946ef0850d488da1c9019f3a9752a",
        "type": "github"
      },
      "original": {
        "id": "flake-utils",
        "type": "indirect"
      }
    },
    "home-manager": {
      "inputs": {
        "nixpkgs": [
          "nixpkgs"
        ]
      },
      "locked": {
        "lastModified": 1720042825,
        "narHash": "sha256-A0vrUB6x82/jvf17qPCpxaM+ulJnD8YZwH9Ci0BsAzE=",
        "owner": "nix-community",
        "repo": "home-manager",
        "rev": "e1391fb22e18a36f57e6999c7a9f966dc80ac073",
        "type": "github"
      },
      "original": {
        "owner": "nix-community",
        "ref": "release-24.05",
        "repo": "home-manager",
        "type": "github"
      }
    },
    "matugen": {
      "inputs": {
        "nixpkgs": [
          "nixpkgs"
        ],
        "systems": [
          "systems"
        ]
      },
      "locked": {
        "lastModified": 1723918089,
        "narHash": "sha256-RUsfSwlsrabXA136DZvl7IocaO2CFC4BMQLZc6IT2oU=",
        "owner": "DaniD3v",
        "repo": "Matugen",
        "rev": "0bd628f263b1d97f238849315f2ce3ab4439784e",
        "type": "github"
      },
      "original": {
        "owner": "DaniD3v",
        "ref": "fix-compilation-for-unix",
        "repo": "Matugen",
        "type": "github"
      }
    },
    "nixpkgs": {
      "locked": {
        "lastModified": 1725001927,
        "narHash": "sha256-eV+63gK0Mp7ygCR0Oy4yIYSNcum2VQwnZamHxYTNi+M=",
        "owner": "nixos",
        "repo": "nixpkgs",
        "rev": "6e99f2a27d600612004fbd2c3282d614bfee6421",
        "type": "github"
      },
      "original": {
        "owner": "nixos",
        "ref": "nixos-24.05",
        "repo": "nixpkgs",
        "type": "github"
      }
    },
    "nixpkgs-unstable": {
      "locked": {
        "lastModified": 1725388253,
        "narHash": "sha256-dul8boqAp1O65tKdDGst1oJqXbDuzJT4Lex2XzmlVdE=",
        "owner": "nixos",
        "repo": "nixpkgs",
        "rev": "f79ee9d6f2fac5e8223fd49cf35b19ada3555a7a",
        "type": "github"
      },
      "original": {
        "owner": "nixos",
        "repo": "nixpkgs",
        "type": "github"
      }
    },
    "root": {
      "inputs": {
        "ags": "ags",
        "etc-passwd": "etc-passwd",
        "fenix": "fenix",
        "firefox-addons": "firefox-addons",
        "flake-utils": "flake-utils",
        "home-manager": "home-manager",
        "matugen": "matugen",
        "nixpkgs": "nixpkgs",
        "nixpkgs-unstable": "nixpkgs-unstable",
        "systems": "systems"
      }
    },
    "rust-analyzer-src": {
      "flake": false,
      "locked": {
        "lastModified": 1725296863,
        "narHash": "sha256-48BG4uhr6uj4yRPOWyeb9k1btmaGTV2Q3JoOs1Db/Cc=",
        "owner": "rust-lang",
        "repo": "rust-analyzer",
        "rev": "304e5f58cdcdaeb6f005198e5e07f9ead0e03d34",
        "type": "github"
      },
      "original": {
        "owner": "rust-lang",
        "ref": "nightly",
        "repo": "rust-analyzer",
        "type": "github"
      }
    },
    "systems": {
      "locked": {
        "lastModified": 1681028828,
        "narHash": "sha256-Vy1rq5AaRuLzOxct8nz4T6wlgyUR7zLU309k9mBC768=",
        "owner": "nix-systems",
        "repo": "default",
        "rev": "da67096a3b9bf56a91d16901293e51ba5b49a27e",
        "type": "github"
      },
      "original": {
        "id": "systems",
        "type": "indirect"
      }
    }
  },
  "root": "root",
  "version": 7
}
